
Microsoft Visual Studio Solution File, Format Version 12.00
# Visual Studio Version 17
VisualStudioVersion = 17.14.36221.1 d17.14
MinimumVisualStudioVersion = 10.0.40219.1
Project("{FAE04EC0-301F-11D3-BF4B-00C04F79EFBC}") = "Test01", "Test01\Test01.csproj", "{900F5823-FE7E-474B-B82B-3040BEC6E5E9}"
EndProject
Global
	GlobalSection(SolutionConfigurationPlatforms) = preSolution
		Debug|Any CPU = Debug|Any CPU
		Release|Any CPU = Release|Any CPU
	EndGlobalSection
	GlobalSection(ProjectConfigurationPlatforms) = postSolution
		{900F5823-FE7E-474B-B82B-3040BEC6E5E9}.Debug|Any CPU.ActiveCfg = Debug|Any CPU
		{900F5823-FE7E-474B-B82B-3040BEC6E5E9}.Debug|Any CPU.Build.0 = Debug|Any CPU
		{900F5823-FE7E-474B-B82B-3040BEC6E5E9}.Release|Any CPU.ActiveCfg = Release|Any CPU
		{900F5823-FE7E-474B-B82B-3040BEC6E5E9}.Release|Any CPU.Build.0 = Release|Any CPU
	EndGlobalSection
	GlobalSection(SolutionProperties) = preSolution
		HideSolutionNode = FALSE
	EndGlobalSection
	GlobalSection(ExtensibilityGlobals) = postSolution
		SolutionGuid = {5BAE599F-8632-4657-8B1B-ED6D1E925F4C}
	EndGlobalSection
EndGlobal
